
Microsoft Visual Studio Solution File, Format Version 12.00
# Visual Studio Version 17
VisualStudioVersion = 17.4.33213.308
MinimumVisualStudioVersion = 10.0.40219.1
Project("{FAE04EC0-301F-11D3-BF4B-00C04F79EFBC}") = "AcademyApp", "AcademyApp\AcademyApp.csproj", "{A0FE4429-53BE-41F3-B668-FD7310E8BE42}"
EndProject
Project("{FAE04EC0-301F-11D3-BF4B-00C04F79EFBC}") = "Academy.Service", "Academy.Service\Academy.Service.csproj", "{5F4180EE-944F-4CE7-B903-27E4D6C5CFCC}"
EndProject
Project("{FAE04EC0-301F-11D3-BF4B-00C04F79EFBC}") = "Academy.Data", "Academy.Data\Academy.Data.csproj", "{37EB14A2-04B5-401D-B21C-FA685B2B197C}"
EndProject
Project("{FAE04EC0-301F-11D3-BF4B-00C04F79EFBC}") = "Academy.Core", "Academy.Core\Academy.Core.csproj", "{9853C40B-3EDF-44BC-BB1B-0AA2C76E9730}"
EndProject
Global
	GlobalSection(SolutionConfigurationPlatforms) = preSolution
		Debug|Any CPU = Debug|Any CPU
		Release|Any CPU = Release|Any CPU
	EndGlobalSection
	GlobalSection(ProjectConfigurationPlatforms) = postSolution
		{A0FE4429-53BE-41F3-B668-FD7310E8BE42}.Debug|Any CPU.ActiveCfg = Debug|Any CPU
		{A0FE4429-53BE-41F3-B668-FD7310E8BE42}.Debug|Any CPU.Build.0 = Debug|Any CPU
		{A0FE4429-53BE-41F3-B668-FD7310E8BE42}.Release|Any CPU.ActiveCfg = Release|Any CPU
		{A0FE4429-53BE-41F3-B668-FD7310E8BE42}.Release|Any CPU.Build.0 = Release|Any CPU
		{5F4180EE-944F-4CE7-B903-27E4D6C5CFCC}.Debug|Any CPU.ActiveCfg = Debug|Any CPU
		{5F4180EE-944F-4CE7-B903-27E4D6C5CFCC}.Debug|Any CPU.Build.0 = Debug|Any CPU
		{5F4180EE-944F-4CE7-B903-27E4D6C5CFCC}.Release|Any CPU.ActiveCfg = Release|Any CPU
		{5F4180EE-944F-4CE7-B903-27E4D6C5CFCC}.Release|Any CPU.Build.0 = Release|Any CPU
		{37EB14A2-04B5-401D-B21C-FA685B2B197C}.Debug|Any CPU.ActiveCfg = Debug|Any CPU
		{37EB14A2-04B5-401D-B21C-FA685B2B197C}.Debug|Any CPU.Build.0 = Debug|Any CPU
		{37EB14A2-04B5-401D-B21C-FA685B2B197C}.Release|Any CPU.ActiveCfg = Release|Any CPU
		{37EB14A2-04B5-401D-B21C-FA685B2B197C}.Release|Any CPU.Build.0 = Release|Any CPU
		{9853C40B-3EDF-44BC-BB1B-0AA2C76E9730}.Debug|Any CPU.ActiveCfg = Debug|Any CPU
		{9853C40B-3EDF-44BC-BB1B-0AA2C76E9730}.Debug|Any CPU.Build.0 = Debug|Any CPU
		{9853C40B-3EDF-44BC-BB1B-0AA2C76E9730}.Release|Any CPU.ActiveCfg = Release|Any CPU
		{9853C40B-3EDF-44BC-BB1B-0AA2C76E9730}.Release|Any CPU.Build.0 = Release|Any CPU
	EndGlobalSection
	GlobalSection(SolutionProperties) = preSolution
		HideSolutionNode = FALSE
	EndGlobalSection
	GlobalSection(ExtensibilityGlobals) = postSolution
		SolutionGuid = {B1D62744-571A-4679-AA44-28393F08167F}
	EndGlobalSection
EndGlobal
